// !$*UTF8*$!
{
	archiveVersion = 1;
	classes = {
	};
	objectVersion = 46;
	objects = {

/* Begin PBXBuildFile section */
		552AABE41DB5DA5F00214A74 /* AppDelegate.swift in Sources */ = {isa = PBXBuildFile; fileRef = 552AABE31DB5DA5F00214A74 /* AppDelegate.swift */; };
		552AABE61DB5DA5F00214A74 /* ViewController.swift in Sources */ = {isa = PBXBuildFile; fileRef = 552AABE51DB5DA5F00214A74 /* ViewController.swift */; };
		552AABE91DB5DA5F00214A74 /* Main.storyboard in Resources */ = {isa = PBXBuildFile; fileRef = 552AABE71DB5DA5F00214A74 /* Main.storyboard */; };
		552AABEB1DB5DA5F00214A74 /* Assets.xcassets in Resources */ = {isa = PBXBuildFile; fileRef = 552AABEA1DB5DA5F00214A74 /* Assets.xcassets */; };
		552AABEE1DB5DA5F00214A74 /* LaunchScreen.storyboard in Resources */ = {isa = PBXBuildFile; fileRef = 552AABEC1DB5DA5F00214A74 /* LaunchScreen.storyboard */; };
		552AABF91DB5DA5F00214A74 /* todoTests.swift in Sources */ = {isa = PBXBuildFile; fileRef = 552AABF81DB5DA5F00214A74 /* todoTests.swift */; };
		552AAC041DB5DA5F00214A74 /* todoUITests.swift in Sources */ = {isa = PBXBuildFile; fileRef = 552AAC031DB5DA5F00214A74 /* todoUITests.swift */; };
		552AAC121DB5DA7600214A74 /* TaskTableViewController.swift in Sources */ = {isa = PBXBuildFile; fileRef = 552AAC111DB5DA7600214A74 /* TaskTableViewController.swift */; };
		552AAC141DB5DA8B00214A74 /* EditTaskViewController.swift in Sources */ = {isa = PBXBuildFile; fileRef = 552AAC131DB5DA8B00214A74 /* EditTaskViewController.swift */; };
		552AAC161DB5DA9400214A74 /* StatsViewController.swift in Sources */ = {isa = PBXBuildFile; fileRef = 552AAC151DB5DA9400214A74 /* StatsViewController.swift */; };
		552AAC181DB5DE7600214A74 /* Task.swift in Sources */ = {isa = PBXBuildFile; fileRef = 552AAC171DB5DE7600214A74 /* Task.swift */; };
/* End PBXBuildFile section */

/* Begin PBXContainerItemProxy section */
		552AABF51DB5DA5F00214A74 /* PBXContainerItemProxy */ = {
			isa = PBXContainerItemProxy;
			containerPortal = 552AABD81DB5DA5F00214A74 /* Project object */;
			proxyType = 1;
			remoteGlobalIDString = 552AABDF1DB5DA5F00214A74;
			remoteInfo = todo;
		};
		552AAC001DB5DA5F00214A74 /* PBXContainerItemProxy */ = {
			isa = PBXContainerItemProxy;
			containerPortal = 552AABD81DB5DA5F00214A74 /* Project object */;
			proxyType = 1;
			remoteGlobalIDString = 552AABDF1DB5DA5F00214A74;
			remoteInfo = todo;
		};
/* End PBXContainerItemProxy section */

/* Begin PBXFileReference section */
		552AABE01DB5DA5F00214A74 /* todo.app */ = {isa = PBXFileReference; explicitFileType = wrapper.application; includeInIndex = 0; path = todo.app; sourceTree = BUILT_PRODUCTS_DIR; };
		552AABE31DB5DA5F00214A74 /* AppDelegate.swift */ = {isa = PBXFileReference; lastKnownFileType = sourcecode.swift; path = AppDelegate.swift; sourceTree = "<group>"; };
		552AABE51DB5DA5F00214A74 /* ViewController.swift */ = {isa = PBXFileReference; lastKnownFileType = sourcecode.swift; path = ViewController.swift; sourceTree = "<group>"; };
		552AABE81DB5DA5F00214A74 /* Base */ = {isa = PBXFileReference; lastKnownFileType = file.storyboard; name = Base; path = Base.lproj/Main.storyboard; sourceTree = "<group>"; };
		552AABEA1DB5DA5F00214A74 /* Assets.xcassets */ = {isa = PBXFileReference; lastKnownFileType = folder.assetcatalog; path = Assets.xcassets; sourceTree = "<group>"; };
		552AABED1DB5DA5F00214A74 /* Base */ = {isa = PBXFileReference; lastKnownFileType = file.storyboard; name = Base; path = Base.lproj/LaunchScreen.storyboard; sourceTree = "<group>"; };
		552AABEF1DB5DA5F00214A74 /* Info.plist */ = {isa = PBXFileReference; lastKnownFileType = text.plist.xml; path = Info.plist; sourceTree = "<group>"; };
		552AABF41DB5DA5F00214A74 /* todoTests.xctest */ = {isa = PBXFileReference; explicitFileType = wrapper.cfbundle; includeInIndex = 0; path = todoTests.xctest; sourceTree = BUILT_PRODUCTS_DIR; };
		552AABF81DB5DA5F00214A74 /* todoTests.swift */ = {isa = PBXFileReference; lastKnownFileType = sourcecode.swift; path = todoTests.swift; sourceTree = "<group>"; };
		552AABFA1DB5DA5F00214A74 /* Info.plist */ = {isa = PBXFileReference; lastKnownFileType = text.plist.xml; path = Info.plist; sourceTree = "<group>"; };
		552AABFF1DB5DA5F00214A74 /* todoUITests.xctest */ = {isa = PBXFileReference; explicitFileType = wrapper.cfbundle; includeInIndex = 0; path = todoUITests.xctest; sourceTree = BUILT_PRODUCTS_DIR; };
		552AAC031DB5DA5F00214A74 /* todoUITests.swift */ = {isa = PBXFileReference; lastKnownFileType = sourcecode.swift; path = todoUITests.swift; sourceTree = "<group>"; };
		552AAC051DB5DA5F00214A74 /* Info.plist */ = {isa = PBXFileReference; lastKnownFileType = text.plist.xml; path = Info.plist; sourceTree = "<group>"; };
		552AAC111DB5DA7600214A74 /* TaskTableViewController.swift */ = {isa = PBXFileReference; fileEncoding = 4; lastKnownFileType = sourcecode.swift; path = TaskTableViewController.swift; sourceTree = "<group>"; };
		552AAC131DB5DA8B00214A74 /* EditTaskViewController.swift */ = {isa = PBXFileReference; fileEncoding = 4; lastKnownFileType = sourcecode.swift; path = EditTaskViewController.swift; sourceTree = "<group>"; };
		552AAC151DB5DA9400214A74 /* StatsViewController.swift */ = {isa = PBXFileReference; fileEncoding = 4; lastKnownFileType = sourcecode.swift; path = StatsViewController.swift; sourceTree = "<group>"; };
		552AAC171DB5DE7600214A74 /* Task.swift */ = {isa = PBXFileReference; fileEncoding = 4; lastKnownFileType = sourcecode.swift; path = Task.swift; sourceTree = "<group>"; };
/* End PBXFileReference section */

/* Begin PBXFrameworksBuildPhase section */
		552AABDD1DB5DA5F00214A74 /* Frameworks */ = {
			isa = PBXFrameworksBuildPhase;
			buildActionMask = 2147483647;
			files = (
			);
			runOnlyForDeploymentPostprocessing = 0;
		};
		552AABF11DB5DA5F00214A74 /* Frameworks */ = {
			isa = PBXFrameworksBuildPhase;
			buildActionMask = 2147483647;
			files = (
			);
			runOnlyForDeploymentPostprocessing = 0;
		};
		552AABFC1DB5DA5F00214A74 /* Frameworks */ = {
			isa = PBXFrameworksBuildPhase;
			buildActionMask = 2147483647;
			files = (
			);
			runOnlyForDeploymentPostprocessing = 0;
		};
/* End PBXFrameworksBuildPhase section */

/* Begin PBXGroup section */
		552AABD71DB5DA5F00214A74 = {
			isa = PBXGroup;
			children = (
				552AAC111DB5DA7600214A74 /* TaskTableViewController.swift */,
				552AAC171DB5DE7600214A74 /* Task.swift */,
				552AAC131DB5DA8B00214A74 /* EditTaskViewController.swift */,
				552AAC151DB5DA9400214A74 /* StatsViewController.swift */,
				552AABE21DB5DA5F00214A74 /* todo */,
				552AABF71DB5DA5F00214A74 /* todoTests */,
				552AAC021DB5DA5F00214A74 /* todoUITests */,
				552AABE11DB5DA5F00214A74 /* Products */,
			);
			sourceTree = "<group>";
		};
		552AABE11DB5DA5F00214A74 /* Products */ = {
			isa = PBXGroup;
			children = (
				552AABE01DB5DA5F00214A74 /* todo.app */,
				552AABF41DB5DA5F00214A74 /* todoTests.xctest */,
				552AABFF1DB5DA5F00214A74 /* todoUITests.xctest */,
			);
			name = Products;
			sourceTree = "<group>";
		};
		552AABE21DB5DA5F00214A74 /* todo */ = {
			isa = PBXGroup;
			children = (
				552AABE31DB5DA5F00214A74 /* AppDelegate.swift */,
				552AABE51DB5DA5F00214A74 /* ViewController.swift */,
				552AABE71DB5DA5F00214A74 /* Main.storyboard */,
				552AABEA1DB5DA5F00214A74 /* Assets.xcassets */,
				552AABEC1DB5DA5F00214A74 /* LaunchScreen.storyboard */,
				552AABEF1DB5DA5F00214A74 /* Info.plist */,
			);
			path = todo;
			sourceTree = "<group>";
		};
		552AABF71DB5DA5F00214A74 /* todoTests */ = {
			isa = PBXGroup;
			children = (
				552AABF81DB5DA5F00214A74 /* todoTests.swift */,
				552AABFA1DB5DA5F00214A74 /* Info.plist */,
			);
			path = todoTests;
			sourceTree = "<group>";
		};
		552AAC021DB5DA5F00214A74 /* todoUITests */ = {
			isa = PBXGroup;
			children = (
				552AAC031DB5DA5F00214A74 /* todoUITests.swift */,
				552AAC051DB5DA5F00214A74 /* Info.plist */,
			);
			path = todoUITests;
			sourceTree = "<group>";
		};
/* End PBXGroup section */

/* Begin PBXNativeTarget section */
		552AABDF1DB5DA5F00214A74 /* todo */ = {
			isa = PBXNativeTarget;
			buildConfigurationList = 552AAC081DB5DA5F00214A74 /* Build configuration list for PBXNativeTarget "todo" */;
			buildPhases = (
				552AABDC1DB5DA5F00214A74 /* Sources */,
				552AABDD1DB5DA5F00214A74 /* Frameworks */,
				552AABDE1DB5DA5F00214A74 /* Resources */,
			);
			buildRules = (
			);
			dependencies = (
			);
			name = todo;
			productName = todo;
			productReference = 552AABE01DB5DA5F00214A74 /* todo.app */;
			productType = "com.apple.product-type.application";
		};
		552AABF31DB5DA5F00214A74 /* todoTests */ = {
			isa = PBXNativeTarget;
			buildConfigurationList = 552AAC0B1DB5DA5F00214A74 /* Build configuration list for PBXNativeTarget "todoTests" */;
			buildPhases = (
				552AABF01DB5DA5F00214A74 /* Sources */,
				552AABF11DB5DA5F00214A74 /* Frameworks */,
				552AABF21DB5DA5F00214A74 /* Resources */,
			);
			buildRules = (
			);
			dependencies = (
				552AABF61DB5DA5F00214A74 /* PBXTargetDependency */,
			);
			name = todoTests;
			productName = todoTests;
			productReference = 552AABF41DB5DA5F00214A74 /* todoTests.xctest */;
			productType = "com.apple.product-type.bundle.unit-test";
		};
		552AABFE1DB5DA5F00214A74 /* todoUITests */ = {
			isa = PBXNativeTarget;
			buildConfigurationList = 552AAC0E1DB5DA5F00214A74 /* Build configuration list for PBXNativeTarget "todoUITests" */;
			buildPhases = (
				552AABFB1DB5DA5F00214A74 /* Sources */,
				552AABFC1DB5DA5F00214A74 /* Frameworks */,
				552AABFD1DB5DA5F00214A74 /* Resources */,
			);
			buildRules = (
			);
			dependencies = (
				552AAC011DB5DA5F00214A74 /* PBXTargetDependency */,
			);
			name = todoUITests;
			productName = todoUITests;
			productReference = 552AABFF1DB5DA5F00214A74 /* todoUITests.xctest */;
			productType = "com.apple.product-type.bundle.ui-testing";
		};
/* End PBXNativeTarget section */

/* Begin PBXProject section */
		552AABD81DB5DA5F00214A74 /* Project object */ = {
			isa = PBXProject;
			attributes = {
				LastSwiftUpdateCheck = 0800;
				LastUpgradeCheck = 0800;
				ORGANIZATIONNAME = "Swapnil Thombre";
				TargetAttributes = {
					552AABDF1DB5DA5F00214A74 = {
						CreatedOnToolsVersion = 8.0;
						ProvisioningStyle = Automatic;
					};
					552AABF31DB5DA5F00214A74 = {
						CreatedOnToolsVersion = 8.0;
						ProvisioningStyle = Automatic;
						TestTargetID = 552AABDF1DB5DA5F00214A74;
					};
					552AABFE1DB5DA5F00214A74 = {
						CreatedOnToolsVersion = 8.0;
						ProvisioningStyle = Automatic;
						TestTargetID = 552AABDF1DB5DA5F00214A74;
					};
				};
			};
			buildConfigurationList = 552AABDB1DB5DA5F00214A74 /* Build configuration list for PBXProject "todo" */;
			compatibilityVersion = "Xcode 3.2";
			developmentRegion = English;
			hasScannedForEncodings = 0;
			knownRegions = (
				en,
				Base,
			);
			mainGroup = 552AABD71DB5DA5F00214A74;
			productRefGroup = 552AABE11DB5DA5F00214A74 /* Products */;
			projectDirPath = "";
			projectRoot = "";
			targets = (
				552AABDF1DB5DA5F00214A74 /* todo */,
				552AABF31DB5DA5F00214A74 /* todoTests */,
				552AABFE1DB5DA5F00214A74 /* todoUITests */,
			);
		};
/* End PBXProject section */

/* Begin PBXResourcesBuildPhase section */
		552AABDE1DB5DA5F00214A74 /* Resources */ = {
			isa = PBXResourcesBuildPhase;
			buildActionMask = 2147483647;
			files = (
				552AABEE1DB5DA5F00214A74 /* LaunchScreen.storyboard in Resources */,
				552AABEB1DB5DA5F00214A74 /* Assets.xcassets in Resources */,
				552AABE91DB5DA5F00214A74 /* Main.storyboard in Resources */,
			);
			runOnlyForDeploymentPostprocessing = 0;
		};
		552AABF21DB5DA5F00214A74 /* Resources */ = {
			isa = PBXResourcesBuildPhase;
			buildActionMask = 2147483647;
			files = (
			);
			runOnlyForDeploymentPostprocessing = 0;
		};
		552AABFD1DB5DA5F00214A74 /* Resources */ = {
			isa = PBXResourcesBuildPhase;
			buildActionMask = 2147483647;
			files = (
			);
			runOnlyForDeploymentPostprocessing = 0;
		};
/* End PBXResourcesBuildPhase section */

/* Begin PBXSourcesBuildPhase section */
		552AABDC1DB5DA5F00214A74 /* Sources */ = {
			isa = PBXSourcesBuildPhase;
			buildActionMask = 2147483647;
			files = (
				552AAC121DB5DA7600214A74 /* TaskTableViewController.swift in Sources */,
				552AABE61DB5DA5F00214A74 /* ViewController.swift in Sources */,
				552AABE41DB5DA5F00214A74 /* AppDelegate.swift in Sources */,
				552AAC161DB5DA9400214A74 /* StatsViewController.swift in Sources */,
				552AAC181DB5DE7600214A74 /* Task.swift in Sources */,
				552AAC141DB5DA8B00214A74 /* EditTaskViewController.swift in Sources */,
			);
			runOnlyForDeploymentPostprocessing = 0;
		};
		552AABF01DB5DA5F00214A74 /* Sources */ = {
			isa = PBXSourcesBuildPhase;
			buildActionMask = 2147483647;
			files = (
				552AABF91DB5DA5F00214A74 /* todoTests.swift in Sources */,
			);
			runOnlyForDeploymentPostprocessing = 0;
		};
		552AABFB1DB5DA5F00214A74 /* Sources */ = {
			isa = PBXSourcesBuildPhase;
			buildActionMask = 2147483647;
			files = (
				552AAC041DB5DA5F00214A74 /* todoUITests.swift in Sources */,
			);
			runOnlyForDeploymentPostprocessing = 0;
		};
/* End PBXSourcesBuildPhase section */

/* Begin PBXTargetDependency section */
		552AABF61DB5DA5F00214A74 /* PBXTargetDependency */ = {
			isa = PBXTargetDependency;
			target = 552AABDF1DB5DA5F00214A74 /* todo */;
			targetProxy = 552AABF51DB5DA5F00214A74 /* PBXContainerItemProxy */;
		};
		552AAC011DB5DA5F00214A74 /* PBXTargetDependency */ = {
			isa = PBXTargetDependency;
			target = 552AABDF1DB5DA5F00214A74 /* todo */;
			targetProxy = 552AAC001DB5DA5F00214A74 /* PBXContainerItemProxy */;
		};
/* End PBXTargetDependency section */

/* Begin PBXVariantGroup section */
		552AABE71DB5DA5F00214A74 /* Main.storyboard */ = {
			isa = PBXVariantGroup;
			children = (
				552AABE81DB5DA5F00214A74 /* Base */,
			);
			name = Main.storyboard;
			sourceTree = "<group>";
		};
		552AABEC1DB5DA5F00214A74 /* LaunchScreen.storyboard */ = {
			isa = PBXVariantGroup;
			children = (
				552AABED1DB5DA5F00214A74 /* Base */,
			);
			name = LaunchScreen.storyboard;
			sourceTree = "<group>";
		};
/* End PBXVariantGroup section */

/* Begin XCBuildConfiguration section */
		552AAC061DB5DA5F00214A74 /* Debug */ = {
			isa = XCBuildConfiguration;
			buildSettings = {
				ALWAYS_SEARCH_USER_PATHS = NO;
				CLANG_ANALYZER_NONNULL = YES;
				CLANG_CXX_LANGUAGE_STANDARD = "gnu++0x";
				CLANG_CXX_LIBRARY = "libc++";
				CLANG_ENABLE_MODULES = YES;
				CLANG_ENABLE_OBJC_ARC = YES;
				CLANG_WARN_BOOL_CONVERSION = YES;
				CLANG_WARN_CONSTANT_CONVERSION = YES;
				CLANG_WARN_DIRECT_OBJC_ISA_USAGE = YES_ERROR;
				CLANG_WARN_DOCUMENTATION_COMMENTS = YES;
				CLANG_WARN_EMPTY_BODY = YES;
				CLANG_WARN_ENUM_CONVERSION = YES;
				CLANG_WARN_INFINITE_RECURSION = YES;
				CLANG_WARN_INT_CONVERSION = YES;
				CLANG_WARN_OBJC_ROOT_CLASS = YES_ERROR;
				CLANG_WARN_SUSPICIOUS_MOVES = YES;
				CLANG_WARN_UNREACHABLE_CODE = YES;
				CLANG_WARN__DUPLICATE_METHOD_MATCH = YES;
				"CODE_SIGN_IDENTITY[sdk=iphoneos*]" = "iPhone Developer";
				COPY_PHASE_STRIP = NO;
				DEBUG_INFORMATION_FORMAT = dwarf;
				ENABLE_STRICT_OBJC_MSGSEND = YES;
				ENABLE_TESTABILITY = YES;
				GCC_C_LANGUAGE_STANDARD = gnu99;
				GCC_DYNAMIC_NO_PIC = NO;
				GCC_NO_COMMON_BLOCKS = YES;
				GCC_OPTIMIZATION_LEVEL = 0;
				GCC_PREPROCESSOR_DEFINITIONS = (
					"DEBUG=1",
					"$(inherited)",
				);
				GCC_WARN_64_TO_32_BIT_CONVERSION = YES;
				GCC_WARN_ABOUT_RETURN_TYPE = YES_ERROR;
				GCC_WARN_UNDECLARED_SELECTOR = YES;
				GCC_WARN_UNINITIALIZED_AUTOS = YES_AGGRESSIVE;
				GCC_WARN_UNUSED_FUNCTION = YES;
				GCC_WARN_UNUSED_VARIABLE = YES;
				IPHONEOS_DEPLOYMENT_TARGET = 10.0;
				MTL_ENABLE_DEBUG_INFO = YES;
				ONLY_ACTIVE_ARCH = YES;
				SDKROOT = iphoneos;
				SWIFT_ACTIVE_COMPILATION_CONDITIONS = DEBUG;
				SWIFT_OPTIMIZATION_LEVEL = "-Onone";
				TARGETED_DEVICE_FAMILY = "1,2";
			};
			name = Debug;
		};
		552AAC071DB5DA5F00214A74 /* Release */ = {
			isa = XCBuildConfiguration;
			buildSettings = {
				ALWAYS_SEARCH_USER_PATHS = NO;
				CLANG_ANALYZER_NONNULL = YES;
				CLANG_CXX_LANGUAGE_STANDARD = "gnu++0x";
				CLANG_CXX_LIBRARY = "libc++";
				CLANG_ENABLE_MODULES = YES;
				CLANG_ENABLE_OBJC_ARC = YES;
				CLANG_WARN_BOOL_CONVERSION = YES;
				CLANG_WARN_CONSTANT_CONVERSION = YES;
				CLANG_WARN_DIRECT_OBJC_ISA_USAGE = YES_ERROR;
				CLANG_WARN_DOCUMENTATION_COMMENTS = YES;
				CLANG_WARN_EMPTY_BODY = YES;
				CLANG_WARN_ENUM_CONVERSION = YES;
				CLANG_WARN_INFINITE_RECURSION = YES;
				CLANG_WARN_INT_CONVERSION = YES;
				CLANG_WARN_OBJC_ROOT_CLASS = YES_ERROR;
				CLANG_WARN_SUSPICIOUS_MOVES = YES;
				CLANG_WARN_UNREACHABLE_CODE = YES;
				CLANG_WARN__DUPLICATE_METHOD_MATCH = YES;
				"CODE_SIGN_IDENTITY[sdk=iphoneos*]" = "iPhone Developer";
				COPY_PHASE_STRIP = NO;
				DEBUG_INFORMATION_FORMAT = "dwarf-with-dsym";
				ENABLE_NS_ASSERTIONS = NO;
				ENABLE_STRICT_OBJC_MSGSEND = YES;
				GCC_C_LANGUAGE_STANDARD = gnu99;
				GCC_NO_COMMON_BLOCKS = YES;
				GCC_WARN_64_TO_32_BIT_CONVERSION = YES;
				GCC_WARN_ABOUT_RETURN_TYPE = YES_ERROR;
				GCC_WARN_UNDECLARED_SELECTOR = YES;
				GCC_WARN_UNINITIALIZED_AUTOS = YES_AGGRESSIVE;
				GCC_WARN_UNUSED_FUNCTION = YES;
				GCC_WARN_UNUSED_VARIABLE = YES;
				IPHONEOS_DEPLOYMENT_TARGET = 10.0;
				MTL_ENABLE_DEBUG_INFO = NO;
				SDKROOT = iphoneos;
				SWIFT_OPTIMIZATION_LEVEL = "-Owholemodule";
				TARGETED_DEVICE_FAMILY = "1,2";
				VALIDATE_PRODUCT = YES;
			};
			name = Release;
		};
		552AAC091DB5DA5F00214A74 /* Debug */ = {
			isa = XCBuildConfiguration;
			buildSettings = {
				ASSETCATALOG_COMPILER_APPICON_NAME = AppIcon;
				INFOPLIST_FILE = todo/Info.plist;
				LD_RUNPATH_SEARCH_PATHS = "$(inherited) @executable_path/Frameworks";
				PRODUCT_BUNDLE_IDENTIFIER = swapnil.todo;
				PRODUCT_NAME = "$(TARGET_NAME)";
				SWIFT_VERSION = 3.0;
			};
			name = Debug;
		};
		552AAC0A1DB5DA5F00214A74 /* Release */ = {
			isa = XCBuildConfiguration;
			buildSettings = {
				ASSETCATALOG_COMPILER_APPICON_NAME = AppIcon;
				INFOPLIST_FILE = todo/Info.plist;
				LD_RUNPATH_SEARCH_PATHS = "$(inherited) @executable_path/Frameworks";
				PRODUCT_BUNDLE_IDENTIFIER = swapnil.todo;
				PRODUCT_NAME = "$(TARGET_NAME)";
				SWIFT_VERSION = 3.0;
			};
			name = Release;
		};
		552AAC0C1DB5DA5F00214A74 /* Debug */ = {
			isa = XCBuildConfiguration;
			buildSettings = {
				ALWAYS_EMBED_SWIFT_STANDARD_LIBRARIES = YES;
				BUNDLE_LOADER = "$(TEST_HOST)";
				INFOPLIST_FILE = todoTests/Info.plist;
				LD_RUNPATH_SEARCH_PATHS = "$(inherited) @executable_path/Frameworks @loader_path/Frameworks";
				PRODUCT_BUNDLE_IDENTIFIER = swapnil.todoTests;
				PRODUCT_NAME = "$(TARGET_NAME)";
				SWIFT_VERSION = 3.0;
				TEST_HOST = "$(BUILT_PRODUCTS_DIR)/todo.app/todo";
			};
			name = Debug;
		};
		552AAC0D1DB5DA5F00214A74 /* Release */ = {
			isa = XCBuildConfiguration;
			buildSettings = {
				ALWAYS_EMBED_SWIFT_STANDARD_LIBRARIES = YES;
				BUNDLE_LOADER = "$(TEST_HOST)";
				INFOPLIST_FILE = todoTests/Info.plist;
				LD_RUNPATH_SEARCH_PATHS = "$(inherited) @executable_path/Frameworks @loader_path/Frameworks";
				PRODUCT_BUNDLE_IDENTIFIER = swapnil.todoTests;
				PRODUCT_NAME = "$(TARGET_NAME)";
				SWIFT_VERSION = 3.0;
				TEST_HOST = "$(BUILT_PRODUCTS_DIR)/todo.app/todo";
			};
			name = Release;
		};
		552AAC0F1DB5DA5F00214A74 /* Debug */ = {
			isa = XCBuildConfiguration;
			buildSettings = {
				ALWAYS_EMBED_SWIFT_STANDARD_LIBRARIES = YES;
				INFOPLIST_FILE = todoUITests/Info.plist;
				LD_RUNPATH_SEARCH_PATHS = "$(inherited) @executable_path/Frameworks @loader_path/Frameworks";
				PRODUCT_BUNDLE_IDENTIFIER = swapnil.todoUITests;
				PRODUCT_NAME = "$(TARGET_NAME)";
				SWIFT_VERSION = 3.0;
				TEST_TARGET_NAME = todo;
			};
			name = Debug;
		};
		552AAC101DB5DA5F00214A74 /* Release */ = {
			isa = XCBuildConfiguration;
			buildSettings = {
				ALWAYS_EMBED_SWIFT_STANDARD_LIBRARIES = YES;
				INFOPLIST_FILE = todoUITests/Info.plist;
				LD_RUNPATH_SEARCH_PATHS = "$(inherited) @executable_path/Frameworks @loader_path/Frameworks";
				PRODUCT_BUNDLE_IDENTIFIER = swapnil.todoUITests;
				PRODUCT_NAME = "$(TARGET_NAME)";
				SWIFT_VERSION = 3.0;
				TEST_TARGET_NAME = todo;
			};
			name = Release;
		};
/* End XCBuildConfiguration section */

/* Begin XCConfigurationList section */
		552AABDB1DB5DA5F00214A74 /* Build configuration list for PBXProject "todo" */ = {
			isa = XCConfigurationList;
			buildConfigurations = (
				552AAC061DB5DA5F00214A74 /* Debug */,
				552AAC071DB5DA5F00214A74 /* Release */,
			);
			defaultConfigurationIsVisible = 0;
			defaultConfigurationName = Release;
		};
		552AAC081DB5DA5F00214A74 /* Build configuration list for PBXNativeTarget "todo" */ = {
			isa = XCConfigurationList;
			buildConfigurations = (
				552AAC091DB5DA5F00214A74 /* Debug */,
				552AAC0A1DB5DA5F00214A74 /* Release */,
			);
			defaultConfigurationIsVisible = 0;
		};
		552AAC0B1DB5DA5F00214A74 /* Build configuration list for PBXNativeTarget "todoTests" */ = {
			isa = XCConfigurationList;
			buildConfigurations = (
				552AAC0C1DB5DA5F00214A74 /* Debug */,
				552AAC0D1DB5DA5F00214A74 /* Release */,
			);
			defaultConfigurationIsVisible = 0;
		};
		552AAC0E1DB5DA5F00214A74 /* Build configuration list for PBXNativeTarget "todoUITests" */ = {
			isa = XCConfigurationList;
			buildConfigurations = (
				552AAC0F1DB5DA5F00214A74 /* Debug */,
				552AAC101DB5DA5F00214A74 /* Release */,
			);
			defaultConfigurationIsVisible = 0;
		};
/* End XCConfigurationList section */
	};
	rootObject = 552AABD81DB5DA5F00214A74 /* Project object */;
}
